Microsoft Visual Studio Solution File, Format Version 11.00
# Visual Studio 2008

Project("{C4C7C2CD-3D17-BCB2-0BDC-C3C9E00A03E6}") = "first-person-shooter", "Assembly-CSharp-firstpass.csproj", "{0A3BA615-7B02-FD05-FA59-0374DFD2D404}"
EndProject
Project("{C4C7C2CD-3D17-BCB2-0BDC-C3C9E00A03E6}") = "first-person-shooter", "Assembly-CSharp.csproj", "{6D9BD2C5-46CD-C3FF-55ED-C76D3808592E}"
EndProject
Project("{C4C7C2CD-3D17-BCB2-0BDC-C3C9E00A03E6}") = "first-person-shooter", "Assembly-CSharp-Editor.csproj", "{F56148C6-735A-71FC-D17A-5D8CAA3374FE}"
EndProject
Global
	GlobalSection(SolutionConfigurationPlatforms) = preSolution
		Debug|Any CPU = Debug|Any CPU
		Release|Any CPU = Release|Any CPU
	EndGlobalSection
	GlobalSection(ProjectConfigurationPlatforms) = postSolution
		{0A3BA615-7B02-FD05-FA59-0374DFD2D404}.Debug|Any CPU.ActiveCfg = Debug|Any CPU
		{0A3BA615-7B02-FD05-FA59-0374DFD2D404}.Debug|Any CPU.Build.0 = Debug|Any CPU
		{0A3BA615-7B02-FD05-FA59-0374DFD2D404}.Release|Any CPU.ActiveCfg = Release|Any CPU
		{0A3BA615-7B02-FD05-FA59-0374DFD2D404}.Release|Any CPU.Build.0 = Release|Any CPU
		{6D9BD2C5-46CD-C3FF-55ED-C76D3808592E}.Debug|Any CPU.ActiveCfg = Debug|Any CPU
		{6D9BD2C5-46CD-C3FF-55ED-C76D3808592E}.Debug|Any CPU.Build.0 = Debug|Any CPU
		{6D9BD2C5-46CD-C3FF-55ED-C76D3808592E}.Release|Any CPU.ActiveCfg = Release|Any CPU
		{6D9BD2C5-46CD-C3FF-55ED-C76D3808592E}.Release|Any CPU.Build.0 = Release|Any CPU
		{F56148C6-735A-71FC-D17A-5D8CAA3374FE}.Debug|Any CPU.ActiveCfg = Debug|Any CPU
		{F56148C6-735A-71FC-D17A-5D8CAA3374FE}.Debug|Any CPU.Build.0 = Debug|Any CPU
		{F56148C6-735A-71FC-D17A-5D8CAA3374FE}.Release|Any CPU.ActiveCfg = Release|Any CPU
		{F56148C6-735A-71FC-D17A-5D8CAA3374FE}.Release|Any CPU.Build.0 = Release|Any CPU
	EndGlobalSection
	GlobalSection(SolutionProperties) = preSolution
		HideSolutionNode = FALSE
	EndGlobalSection
	GlobalSection(MonoDevelopProperties) = preSolution
		StartupItem = Assembly-CSharp.csproj
	EndGlobalSection
EndGlobal
